
Microsoft Visual Studio Solution File, Format Version 12.00
# Visual Studio 15
VisualStudioVersion = 15.0.27004.2002
MinimumVisualStudioVersion = 10.0.40219.1
Project("{8BC9CEB8-8B4A-11D0-8D11-00A0C91BC942}") = "ArkanoidInvaders", "ArkanoidInvaders\ArkanoidInvaders.vcxproj", "{F55722A4-96D0-46FA-A427-079C1325B122}"
EndProject
Global
	GlobalSection(SolutionConfigurationPlatforms) = preSolution
		Debug|x64 = Debug|x64
		Debug|x86 = Debug|x86
		Release|x64 = Release|x64
		Release|x86 = Release|x86
	EndGlobalSection
	GlobalSection(ProjectConfigurationPlatforms) = postSolution
		{F55722A4-96D0-46FA-A427-079C1325B122}.Debug|x64.ActiveCfg = Debug|x64
		{F55722A4-96D0-46FA-A427-079C1325B122}.Debug|x64.Build.0 = Debug|x64
		{F55722A4-96D0-46FA-A427-079C1325B122}.Debug|x86.ActiveCfg = Debug|Win32
		{F55722A4-96D0-46FA-A427-079C1325B122}.Debug|x86.Build.0 = Debug|Win32
		{F55722A4-96D0-46FA-A427-079C1325B122}.Release|x64.ActiveCfg = Release|x64
		{F55722A4-96D0-46FA-A427-079C1325B122}.Release|x64.Build.0 = Release|x64
		{F55722A4-96D0-46FA-A427-079C1325B122}.Release|x86.ActiveCfg = Release|Win32
		{F55722A4-96D0-46FA-A427-079C1325B122}.Release|x86.Build.0 = Release|Win32
	EndGlobalSection
	GlobalSection(SolutionProperties) = preSolution
		HideSolutionNode = FALSE
	EndGlobalSection
	GlobalSection(ExtensibilityGlobals) = postSolution
		SolutionGuid = {5150C6D4-F299-48C1-A396-F0ECC31046CD}
	EndGlobalSection
EndGlobal
